Microsoft Visual Studio Solution File, Format Version 12.00
# Visual Studio Version 17
VisualStudioVersion = 17.5.2.0
MinimumVisualStudioVersion = 10.0.40219.1
Project("{FAE04EC0-301F-11D3-BF4B-00C04F79EFBC}") = "EventLoggingLibrary", "src\EventLoggingLibrary.csproj", "{DE4312DC-AFA9-DCEB-7A53-D138043651CE}"
EndProject
Project("{FAE04EC0-301F-11D3-BF4B-00C04F79EFBC}") = "EventLoggingLibrary.Tests", "tests\EventLoggingLibrary.Tests.csproj", "{F078ABB1-0838-8E23-A0C8-DCE5CEA9B287}"
EndProject
Global
	GlobalSection(SolutionConfigurationPlatforms) = preSolution
		Debug|Any CPU = Debug|Any CPU
		Release|Any CPU = Release|Any CPU
	EndGlobalSection
	GlobalSection(ProjectConfigurationPlatforms) = postSolution
		{DE4312DC-AFA9-DCEB-7A53-D138043651CE}.Debug|Any CPU.ActiveCfg = Debug|Any CPU
		{DE4312DC-AFA9-DCEB-7A53-D138043651CE}.Debug|Any CPU.Build.0 = Debug|Any CPU
		{DE4312DC-AFA9-DCEB-7A53-D138043651CE}.Release|Any CPU.ActiveCfg = Release|Any CPU
		{DE4312DC-AFA9-DCEB-7A53-D138043651CE}.Release|Any CPU.Build.0 = Release|Any CPU
		{F078ABB1-0838-8E23-A0C8-DCE5CEA9B287}.Debug|Any CPU.ActiveCfg = Debug|Any CPU
		{F078ABB1-0838-8E23-A0C8-DCE5CEA9B287}.Debug|Any CPU.Build.0 = Debug|Any CPU
		{F078ABB1-0838-8E23-A0C8-DCE5CEA9B287}.Release|Any CPU.ActiveCfg = Release|Any CPU
		{F078ABB1-0838-8E23-A0C8-DCE5CEA9B287}.Release|Any CPU.Build.0 = Release|Any CPU
	EndGlobalSection
	GlobalSection(SolutionProperties) = preSolution
		HideSolutionNode = FALSE
	EndGlobalSection
	GlobalSection(ExtensibilityGlobals) = postSolution
		SolutionGuid = {7655C8E7-C20C-4E9C-9B9E-A0C41AB84C01}
	EndGlobalSection
EndGlobal
